# Generated by buf. DO NOT EDIT.
version: v2
deps:
  - name: buf.build/bufbuild/protovalidate
    commit: 9f2d3c737feb481a83375159c0733275
    digest: b5:19d3b83f7df2d284ff5935f4622d7f27e7464a93c210edb536e92a52bcc69b2a18da1312e96b5461601eba7b3764d5e90321bd62e6966870e7dbc2e4dedd98d6
  - name: buf.build/googleapis/googleapis
    commit: 61b203b9a9164be9a834f58c37be6f62
    digest: b5:7811a98b35bd2e4ae5c3ac73c8b3d9ae429f3a790da15de188dc98fc2b77d6bb10e45711f14903af9553fa9821dff256054f2e4b7795789265bc476bec2f088c
  - name: buf.build/grpc-ecosystem/grpc-gateway
    commit: 4c5ba75caaf84e928b7137ae5c18c26a
    digest: b5:c113e62fb3b29289af785866cae062b55ec8ae19ab3f08f3004098928fbca657730a06810b2012951294326b95669547194fa84476b9e9b688d4f8bf77a0691d
  - name: buf.build/webitel/protoc-gen-go-webitel
    commit: 411a5fb2aec74e148f8ed6f4635c1067
    digest: b5:f36490d2a95f65d191c85eb01286813c263db1413b7d8d8a06079d4688f147d28a70add89df7269301fa2f66be087a0244955197b49f49089f51f9b7cf14c61b
