# Generated by buf. DO NOT EDIT.
version: v1
deps:
  - remote: buf.build
    owner: googleapis
    repository: googleapis
    commit: 004180b77378443887d3b55cabc00384
    digest: shake256:d26c7c2fd95f0873761af33ca4a0c0d92c8577122b6feb74eb3b0a57ebe47a98ab24a209a0e91945ac4c77204e9da0c2de0020b2cedc27bdbcdea6c431eec69b
  - remote: buf.build
    owner: grpc-ecosystem
    repository: grpc-gateway
    commit: 4c5ba75caaf84e928b7137ae5c18c26a
    digest: shake256:e174ad9408f3e608f6157907153ffec8d310783ee354f821f57178ffbeeb8faa6bb70b41b61099c1783c82fe16210ebd1279bc9c9ee6da5cffba9f0e675b8b99
  - remote: buf.build
    owner: webitel
    repository: engine
    commit: 1f628ed6696e4d64b898570c6ac710ea
    digest: shake256:df2d00de84497fb02ba1c7401c1f588f3d439ad42a9a8f5723bf4a6dbea8e9d208bd4c68b69dd83b324853f34632c7f7e4e59d24519db7b9b3eb247d13411bdd
  - remote: buf.build
    owner: webitel
    repository: storage
    commit: ba6e817ce69441ecaf968457e9443c40
    digest: shake256:a76e38c359d7131cb590efb689d1364c065b8f17fa2fd5ad07b27b54fa156ff9bed5c78ca4eb0ce488cadf2e876241e95108b611ea01413ac5ca0f09b99551fd
