# Generated by buf. DO NOT EDIT.
version: v1
deps:
  - remote: buf.build
    owner: googleapis
    repository: googleapis
    commit: c17df5b2beca46928cc87d5656bd5343
    digest: shake256:c62ecead9b13485a02893cd678a6c81e40879bf00ea509bbc6fd8f1b2cc33eccf6a85c259b08d1e0f052f693cbfc7dfda236e9665b1d6869b8e1132a794a61e2
  - remote: buf.build
    owner: grpc-ecosystem
    repository: grpc-gateway
    commit: 4836b6d552304e1bbe47e66a523f0daa
    digest: shake256:9747ec8da8c45fe6e0c9860f5495897b28c77b985c2c65a75a54c22f2f1f168039f06925aca6cd8d856a723b60eb80d510d6db1f7d0f3bd27f8d91a8a8c6182c
  - remote: buf.build
    owner: webitel
    repository: general
    commit: c31a1c19116b46309938a69d6aa2db5b
    digest: shake256:ce9b93a2dd041a8087638d5408f8774abe5a3a3524d2681234ea13688ae31ac34ce6be40e249b17f7b34df7f58ba39b121399590be45b6baae43f15af89f3594
  - remote: buf.build
    owner: webitel
    repository: protoc-gen-go-webitel
    commit: 411a5fb2aec74e148f8ed6f4635c1067
    digest: shake256:ec5e06972eb0f32473d630b2464676309f25d9b02f7b60679ff20d49138dd9ec98540aeae075d41414cb82608f8b848edde2b1590bc54065956ee38bf74a87d4
