# Generated by buf. DO NOT EDIT.
version: v1
deps:
  - remote: buf.build
    owner: googleapis
    repository: googleapis
    commit: 553fd4b4b3a640be9b69a3fa0c17b383
    digest: shake256:e30e3247f84b7ff9d09941ce391eb4b6f04734e1e5fae796bfc471f167e6f90813630cc39397ee46b8bc0ea7d6935c416d15c219cc5732d9778cbfdf73a1ed6e
  - remote: buf.build
    owner: grpc-ecosystem
    repository: grpc-gateway
    commit: a48fcebcf8f140dd9d09359b9bb185a4
    digest: shake256:a926173f0ec3e1a929462c350acda846e546134b5ce2bb83fe44f02f9330a42b1c9b292f64b951b06a4d2c47e2ce4d477d6a2cb31502a15637ada35ecedefcf6
  - remote: buf.build
    owner: webitel
    repository: general
    commit: b30251c3af1c4508a64af0a09978f673
    digest: shake256:0c82513067de2ca12ca148335b2d8f1f1e3b0d96a9e604866ddd7b1b80f24b184a96d03f2e141d12fe63dd13fa0d5e148e17b980be208c338bd6299557b128ff
  - remote: buf.build
    owner: webitel
    repository: protoc-gen-go-webitel
    commit: 411a5fb2aec74e148f8ed6f4635c1067
    digest: shake256:ec5e06972eb0f32473d630b2464676309f25d9b02f7b60679ff20d49138dd9ec98540aeae075d41414cb82608f8b848edde2b1590bc54065956ee38bf74a87d4
